// !$*UTF8*$!
{
	archiveVersion = 1;
	classes = {
	};
	objectVersion = 55;
	objects = {

/* Begin PBXBuildFile section */
		84486B9F281754A1007E062B /* StandZone WatchKit App.app in Resources */ = {isa = PBXBuildFile; fileRef = A3CFBB3A27E24E1B00110D92 /* StandZone WatchKit App.app */; };
		849DA85827E8259D00DDC6DD /* HomeView2.swift in Sources */ = {isa = PBXBuildFile; fileRef = 849DA85727E8259C00DDC6DD /* HomeView2.swift */; };
		A3682DF528105D1800E9F8BF /* NoDisturbSettingView.swift in Sources */ = {isa = PBXBuildFile; fileRef = A3682DF428105D1800E9F8BF /* NoDisturbSettingView.swift */; };
		A3706CF327E5887C006F9C33 /* HomeView1.swift in Sources */ = {isa = PBXBuildFile; fileRef = A3706CF227E5887C006F9C33 /* HomeView1.swift */; };
		A3712D502814A42E0082BFB6 /* StandZoneSupport.swift in Sources */ = {isa = PBXBuildFile; fileRef = A3712D4F2814A42E0082BFB6 /* StandZoneSupport.swift */; };
		A37B261D27F0D5D700DCDF70 /* HealthData.swift in Sources */ = {isa = PBXBuildFile; fileRef = A37B261C27F0D5D700DCDF70 /* HealthData.swift */; };
		A37B262027F0D61A00DCDF70 /* HealthKitSupport.swift in Sources */ = {isa = PBXBuildFile; fileRef = A37B261F27F0D61A00DCDF70 /* HealthKitSupport.swift */; };
		A37B262227F0D89E00DCDF70 /* HealthKitSupport+Strings.swift in Sources */ = {isa = PBXBuildFile; fileRef = A37B262127F0D89E00DCDF70 /* HealthKitSupport+Strings.swift */; };
		A37B262927F0FF1400DCDF70 /* HealthKit.framework in Frameworks */ = {isa = PBXBuildFile; fileRef = A37B262827F0FF1400DCDF70 /* HealthKit.framework */; };
		A37B262D27F138CA00DCDF70 /* HealthDataTypeValue.swift in Sources */ = {isa = PBXBuildFile; fileRef = A37B262C27F138CA00DCDF70 /* HealthDataTypeValue.swift */; };
		A37B262F27F13EDE00DCDF70 /* HealthViewController.swift in Sources */ = {isa = PBXBuildFile; fileRef = A37B262E27F13EDE00DCDF70 /* HealthViewController.swift */; };
		A37BCED127E38A0F00CD629C /* RegisterView.swift in Sources */ = {isa = PBXBuildFile; fileRef = A37BCED027E38A0F00CD629C /* RegisterView.swift */; };
		A37BCED327E3936E00CD629C /* LoginView.swift in Sources */ = {isa = PBXBuildFile; fileRef = A37BCED227E3936E00CD629C /* LoginView.swift */; };
		A37BCED527E3A0A200CD629C /* SwitchView.swift in Sources */ = {isa = PBXBuildFile; fileRef = A37BCED427E3A0A200CD629C /* SwitchView.swift */; };
		A37BCED727E3A79F00CD629C /* RegisterView1.swift in Sources */ = {isa = PBXBuildFile; fileRef = A37BCED627E3A79F00CD629C /* RegisterView1.swift */; };
		A37BCED927E3CF6A00CD629C /* RegisterView2.swift in Sources */ = {isa = PBXBuildFile; fileRef = A37BCED827E3CF6A00CD629C /* RegisterView2.swift */; };
		A37BCEDB27E3D62E00CD629C /* RegisterView3.swift in Sources */ = {isa = PBXBuildFile; fileRef = A37BCEDA27E3D62E00CD629C /* RegisterView3.swift */; };
		A37BCEDD27E3DDEF00CD629C /* RegisterView4.swift in Sources */ = {isa = PBXBuildFile; fileRef = A37BCEDC27E3DDEF00CD629C /* RegisterView4.swift */; };
		A37BCEDF27E433A200CD629C /* StandZoneController.swift in Sources */ = {isa = PBXBuildFile; fileRef = A37BCEDE27E433A200CD629C /* StandZoneController.swift */; };
		A37BCEE127E43A5900CD629C /* UserModel.swift in Sources */ = {isa = PBXBuildFile; fileRef = A37BCEE027E43A5900CD629C /* UserModel.swift */; };
		A394978A27E4E639003CE542 /* HomeView.swift in Sources */ = {isa = PBXBuildFile; fileRef = A394978927E4E639003CE542 /* HomeView.swift */; };
		A397181727E6E9C500A12479 /* GoalSettingView.swift in Sources */ = {isa = PBXBuildFile; fileRef = A397181627E6E9C500A12479 /* GoalSettingView.swift */; };
		A39E9F5B2816003D0081F8A6 /* NoRankView.swift in Sources */ = {isa = PBXBuildFile; fileRef = A39E9F5A2816003C0081F8A6 /* NoRankView.swift */; };
		A3BC6C8027E59CE200120DF7 /* SwiftUICharts in Frameworks */ = {isa = PBXBuildFile; productRef = A3BC6C7F27E59CE200120DF7 /* SwiftUICharts */; };
		A3BC6C8227E652A800120DF7 /* MainView.swift in Sources */ = {isa = PBXBuildFile; fileRef = A3BC6C8127E652A800120DF7 /* MainView.swift */; };
		A3BC6C8427E6E44500120DF7 /* HomeView3.swift in Sources */ = {isa = PBXBuildFile; fileRef = A3BC6C8327E6E44500120DF7 /* HomeView3.swift */; };
		A3CFBB1A27E24E1900110D92 /* StandZoneApp.swift in Sources */ = {isa = PBXBuildFile; fileRef = A3CFBB1927E24E1900110D92 /* StandZoneApp.swift */; };
		A3CFBB1C27E24E1900110D92 /* InitialView.swift in Sources */ = {isa = PBXBuildFile; fileRef = A3CFBB1B27E24E1900110D92 /* InitialView.swift */; };
		A3CFBB1E27E24E1A00110D92 /* Assets.xcassets in Resources */ = {isa = PBXBuildFile; fileRef = A3CFBB1D27E24E1A00110D92 /* Assets.xcassets */; };
		A3CFBB2127E24E1A00110D92 /* Preview Assets.xcassets in Resources */ = {isa = PBXBuildFile; fileRef = A3CFBB2027E24E1A00110D92 /* Preview Assets.xcassets */; };
		A3CFBB2B27E24E1A00110D92 /* StandZoneTests.swift in Sources */ = {isa = PBXBuildFile; fileRef = A3CFBB2A27E24E1A00110D92 /* StandZoneTests.swift */; };
		A3CFBB3527E24E1B00110D92 /* StandZoneUITests.swift in Sources */ = {isa = PBXBuildFile; fileRef = A3CFBB3427E24E1B00110D92 /* StandZoneUITests.swift */; };
		A3CFBB3727E24E1B00110D92 /* StandZoneUITestsLaunchTests.swift in Sources */ = {isa = PBXBuildFile; fileRef = A3CFBB3627E24E1B00110D92 /* StandZoneUITestsLaunchTests.swift */; };
		A3CFBB4027E24E1C00110D92 /* Assets.xcassets in Resources */ = {isa = PBXBuildFile; fileRef = A3CFBB3F27E24E1C00110D92 /* Assets.xcassets */; };
		A3CFBB4627E24E1C00110D92 /* StandZone WatchKit Extension.appex in Embed App Extensions */ = {isa = PBXBuildFile; fileRef = A3CFBB4527E24E1C00110D92 /* StandZone WatchKit Extension.appex */; settings = {ATTRIBUTES = (RemoveHeadersOnCopy, ); }; };
		A3CFBB4B27E24E1C00110D92 /* StandZoneApp.swift in Sources */ = {isa = PBXBuildFile; fileRef = A3CFBB4A27E24E1C00110D92 /* StandZoneApp.swift */; };
		A3CFBB4D27E24E1C00110D92 /* ContentView.swift in Sources */ = {isa = PBXBuildFile; fileRef = A3CFBB4C27E24E1C00110D92 /* ContentView.swift */; };
		A3CFBB4F27E24E1C00110D92 /* NotificationController.swift in Sources */ = {isa = PBXBuildFile; fileRef = A3CFBB4E27E24E1C00110D92 /* NotificationController.swift */; };
		A3CFBB5127E24E1C00110D92 /* NotificationView.swift in Sources */ = {isa = PBXBuildFile; fileRef = A3CFBB5027E24E1C00110D92 /* NotificationView.swift */; };
		A3CFBB5327E24E1C00110D92 /* ComplicationController.swift in Sources */ = {isa = PBXBuildFile; fileRef = A3CFBB5227E24E1C00110D92 /* ComplicationController.swift */; };
		A3CFBB5527E24E1D00110D92 /* Assets.xcassets in Resources */ = {isa = PBXBuildFile; fileRef = A3CFBB5427E24E1D00110D92 /* Assets.xcassets */; };
		A3CFBB5827E24E1D00110D92 /* Preview Assets.xcassets in Resources */ = {isa = PBXBuildFile; fileRef = A3CFBB5727E24E1D00110D92 /* Preview Assets.xcassets */; };
		A3CFBB6427E24E1D00110D92 /* StandZone_WatchKit_AppTests.swift in Sources */ = {isa = PBXBuildFile; fileRef = A3CFBB6327E24E1D00110D92 /* StandZone_WatchKit_AppTests.swift */; };
		A3CFBB6E27E24E1D00110D92 /* StandZone_WatchKit_AppUITests.swift in Sources */ = {isa = PBXBuildFile; fileRef = A3CFBB6D27E24E1D00110D92 /* StandZone_WatchKit_AppUITests.swift */; };
		A3CFBB7027E24E1D00110D92 /* StandZone_WatchKit_AppUITestsLaunchTests.swift in Sources */ = {isa = PBXBuildFile; fileRef = A3CFBB6F27E24E1D00110D92 /* StandZone_WatchKit_AppUITestsLaunchTests.swift */; };
		A3DB2831280CCD69001B33F2 /* AccountView.swift in Sources */ = {isa = PBXBuildFile; fileRef = A3DB2830280CCD69001B33F2 /* AccountView.swift */; };
		A3F4087727E952A600BF405C /* SwiftUICharts in Frameworks */ = {isa = PBXBuildFile; productRef = A3F4087627E952A600BF405C /* SwiftUICharts */; };
/* End PBXBuildFile section */

/* Begin PBXContainerItemProxy section */
		A3CFBB2727E24E1A00110D92 /* PBXContainerItemProxy */ = {
			isa = PBXContainerItemProxy;
			containerPortal = A3CFBB0E27E24E1800110D92 /* Project object */;
			proxyType = 1;
			remoteGlobalIDString = A3CFBB1527E24E1900110D92;
			remoteInfo = StandZone;
		};
		A3CFBB3127E24E1B00110D92 /* PBXContainerItemProxy */ = {
			isa = PBXContainerItemProxy;
			containerPortal = A3CFBB0E27E24E1800110D92 /* Project object */;
			proxyType = 1;
			remoteGlobalIDString = A3CFBB1527E24E1900110D92;
			remoteInfo = StandZone;
		};
		A3CFBB3C27E24E1B00110D92 /* PBXContainerItemProxy */ = {
			isa = PBXContainerItemProxy;
			containerPortal = A3CFBB0E27E24E1800110D92 /* Project object */;
			proxyType = 1;
			remoteGlobalIDString = A3CFBB3927E24E1B00110D92;
			remoteInfo = "StandZone WatchKit App";
		};
		A3CFBB4727E24E1C00110D92 /* PBXContainerItemProxy */ = {
			isa = PBXContainerItemProxy;
			containerPortal = A3CFBB0E27E24E1800110D92 /* Project object */;
			proxyType = 1;
			remoteGlobalIDString = A3CFBB4427E24E1C00110D92;
			remoteInfo = "StandZone WatchKit Extension";
		};
		A3CFBB6027E24E1D00110D92 /* PBXContainerItemProxy */ = {
			isa = PBXContainerItemProxy;
			containerPortal = A3CFBB0E27E24E1800110D92 /* Project object */;
			proxyType = 1;
			remoteGlobalIDString = A3CFBB4427E24E1C00110D92;
			remoteInfo = "StandZone WatchKit Extension";
		};
		A3CFBB6A27E24E1D00110D92 /* PBXContainerItemProxy */ = {
			isa = PBXContainerItemProxy;
			containerPortal = A3CFBB0E27E24E1800110D92 /* Project object */;
			proxyType = 1;
			remoteGlobalIDString = A3CFBB3927E24E1B00110D92;
			remoteInfo = "StandZone WatchKit App";
		};
/* End PBXContainerItemProxy section */

/* Begin PBXCopyFilesBuildPhase section */
		A3CFBB7627E24E1D00110D92 /* Embed App Extensions */ = {
			isa = PBXCopyFilesBuildPhase;
			buildActionMask = 2147483647;
			dstPath = "";
			dstSubfolderSpec = 13;
			files = (
				A3CFBB4627E24E1C00110D92 /* StandZone WatchKit Extension.appex in Embed App Extensions */,
			);
			name = "Embed App Extensions";
			runOnlyForDeploymentPostprocessing = 0;
		};
		A3CFBB7A27E24E1D00110D92 /* Embed Watch Content */ = {
			isa = PBXCopyFilesBuildPhase;
			buildActionMask = 2147483647;
			dstPath = "$(CONTENTS_FOLDER_PATH)/Watch";
			dstSubfolderSpec = 16;
			files = (
			);
			name = "Embed Watch Content";
			runOnlyForDeploymentPostprocessing = 0;
		};
/* End PBXCopyFilesBuildPhase section */

/* Begin PBXFileReference section */
		849DA85727E8259C00DDC6DD /* HomeView2.swift */ = {isa = PBXFileReference; lastKnownFileType = sourcecode.swift; path = HomeView2.swift; sourceTree = "<group>"; };
		A3682DF428105D1800E9F8BF /* NoDisturbSettingView.swift */ = {isa = PBXFileReference; lastKnownFileType = sourcecode.swift; path = NoDisturbSettingView.swift; sourceTree = "<group>"; };
		A3706CF227E5887C006F9C33 /* HomeView1.swift */ = {isa = PBXFileReference; lastKnownFileType = sourcecode.swift; path = HomeView1.swift; sourceTree = "<group>"; };
		A3712D4F2814A42E0082BFB6 /* StandZoneSupport.swift */ = {isa = PBXFileReference; lastKnownFileType = sourcecode.swift; path = StandZoneSupport.swift; sourceTree = "<group>"; };
		A37B261C27F0D5D700DCDF70 /* HealthData.swift */ = {isa = PBXFileReference; lastKnownFileType = sourcecode.swift; path = HealthData.swift; sourceTree = "<group>"; };
		A37B261F27F0D61A00DCDF70 /* HealthKitSupport.swift */ = {isa = PBXFileReference; lastKnownFileType = sourcecode.swift; path = HealthKitSupport.swift; sourceTree = "<group>"; };
		A37B262127F0D89E00DCDF70 /* HealthKitSupport+Strings.swift */ = {isa = PBXFileReference; lastKnownFileType = sourcecode.swift; path = "HealthKitSupport+Strings.swift"; sourceTree = "<group>"; };
		A37B262727F0FF1400DCDF70 /* StandZone.entitlements */ = {isa = PBXFileReference; lastKnownFileType = text.plist.entitlements; path = StandZone.entitlements; sourceTree = "<group>"; };
		A37B262827F0FF1400DCDF70 /* HealthKit.framework */ = {isa = PBXFileReference; lastKnownFileType = wrapper.framework; name = HealthKit.framework; path = Platforms/iPhoneOS.platform/Developer/SDKs/iPhoneOS15.4.sdk/System/Library/Frameworks/HealthKit.framework; sourceTree = DEVELOPER_DIR; };
		A37B262C27F138CA00DCDF70 /* HealthDataTypeValue.swift */ = {isa = PBXFileReference; lastKnownFileType = sourcecode.swift; path = HealthDataTypeValue.swift; sourceTree = "<group>"; };
		A37B262E27F13EDE00DCDF70 /* HealthViewController.swift */ = {isa = PBXFileReference; lastKnownFileType = sourcecode.swift; path = HealthViewController.swift; sourceTree = "<group>"; };
		A37BCED027E38A0F00CD629C /* RegisterView.swift */ = {isa = PBXFileReference; lastKnownFileType = sourcecode.swift; path = RegisterView.swift; sourceTree = "<group>"; };
		A37BCED227E3936E00CD629C /* LoginView.swift */ = {isa = PBXFileReference; lastKnownFileType = sourcecode.swift; path = LoginView.swift; sourceTree = "<group>"; };
		A37BCED427E3A0A200CD629C /* SwitchView.swift */ = {isa = PBXFileReference; lastKnownFileType = sourcecode.swift; path = SwitchView.swift; sourceTree = "<group>"; };
		A37BCED627E3A79F00CD629C /* RegisterView1.swift */ = {isa = PBXFileReference; lastKnownFileType = sourcecode.swift; path = RegisterView1.swift; sourceTree = "<group>"; };
		A37BCED827E3CF6A00CD629C /* RegisterView2.swift */ = {isa = PBXFileReference; lastKnownFileType = sourcecode.swift; path = RegisterView2.swift; sourceTree = "<group>"; };
		A37BCEDA27E3D62E00CD629C /* RegisterView3.swift */ = {isa = PBXFileReference; lastKnownFileType = sourcecode.swift; path = RegisterView3.swift; sourceTree = "<group>"; };
		A37BCEDC27E3DDEF00CD629C /* RegisterView4.swift */ = {isa = PBXFileReference; lastKnownFileType = sourcecode.swift; path = RegisterView4.swift; sourceTree = "<group>"; };
		A37BCEDE27E433A200CD629C /* StandZoneController.swift */ = {isa = PBXFileReference; lastKnownFileType = sourcecode.swift; path = StandZoneController.swift; sourceTree = "<group>"; };
		A37BCEE027E43A5900CD629C /* UserModel.swift */ = {isa = PBXFileReference; lastKnownFileType = sourcecode.swift; path = UserModel.swift; sourceTree = "<group>"; };
		A39146712814781A0012217A /* Info.plist */ = {isa = PBXFileReference; lastKnownFileType = text.plist; path = Info.plist; sourceTree = "<group>"; };
		A394978927E4E639003CE542 /* HomeView.swift */ = {isa = PBXFileReference; lastKnownFileType = sourcecode.swift; path = HomeView.swift; sourceTree = "<group>"; };
		A397181627E6E9C500A12479 /* GoalSettingView.swift */ = {isa = PBXFileReference; lastKnownFileType = sourcecode.swift; path = GoalSettingView.swift; sourceTree = "<group>"; };
		A39E9F5A2816003C0081F8A6 /* NoRankView.swift */ = {isa = PBXFileReference; lastKnownFileType = sourcecode.swift; path = NoRankView.swift; sourceTree = "<group>"; };
		A3BC6C8127E652A800120DF7 /* MainView.swift */ = {isa = PBXFileReference; lastKnownFileType = sourcecode.swift; path = MainView.swift; sourceTree = "<group>"; };
		A3BC6C8327E6E44500120DF7 /* HomeView3.swift */ = {isa = PBXFileReference; lastKnownFileType = sourcecode.swift; path = HomeView3.swift; sourceTree = "<group>"; };
		A3CFBB1627E24E1900110D92 /* StandZone.app */ = {isa = PBXFileReference; explicitFileType = wrapper.application; includeInIndex = 0; path = StandZone.app; sourceTree = BUILT_PRODUCTS_DIR; };
		A3CFBB1927E24E1900110D92 /* StandZoneApp.swift */ = {isa = PBXFileReference; lastKnownFileType = sourcecode.swift; path = StandZoneApp.swift; sourceTree = "<group>"; };
		A3CFBB1B27E24E1900110D92 /* InitialView.swift */ = {isa = PBXFileReference; lastKnownFileType = sourcecode.swift; path = InitialView.swift; sourceTree = "<group>"; };
		A3CFBB1D27E24E1A00110D92 /* Assets.xcassets */ = {isa = PBXFileReference; lastKnownFileType = folder.assetcatalog; path = Assets.xcassets; sourceTree = "<group>"; };
		A3CFBB2027E24E1A00110D92 /* Preview Assets.xcassets */ = {isa = PBXFileReference; lastKnownFileType = folder.assetcatalog; path = "Preview Assets.xcassets"; sourceTree = "<group>"; };
		A3CFBB2627E24E1A00110D92 /* StandZoneTests.xctest */ = {isa = PBXFileReference; explicitFileType = wrapper.cfbundle; includeInIndex = 0; path = StandZoneTests.xctest; sourceTree = BUILT_PRODUCTS_DIR; };
		A3CFBB2A27E24E1A00110D92 /* StandZoneTests.swift */ = {isa = PBXFileReference; lastKnownFileType = sourcecode.swift; path = StandZoneTests.swift; sourceTree = "<group>"; };
		A3CFBB3027E24E1A00110D92 /* StandZoneUITests.xctest */ = {isa = PBXFileReference; explicitFileType = wrapper.cfbundle; includeInIndex = 0; path = StandZoneUITests.xctest; sourceTree = BUILT_PRODUCTS_DIR; };
		A3CFBB3427E24E1B00110D92 /* StandZoneUITests.swift */ = {isa = PBXFileReference; lastKnownFileType = sourcecode.swift; path = StandZoneUITests.swift; sourceTree = "<group>"; };
		A3CFBB3627E24E1B00110D92 /* StandZoneUITestsLaunchTests.swift */ = {isa = PBXFileReference; lastKnownFileType = sourcecode.swift; path = StandZoneUITestsLaunchTests.swift; sourceTree = "<group>"; };
		A3CFBB3A27E24E1B00110D92 /* StandZone WatchKit App.app */ = {isa = PBXFileReference; explicitFileType = wrapper.application; includeInIndex = 0; path = "StandZone WatchKit App.app"; sourceTree = BUILT_PRODUCTS_DIR; };
		A3CFBB3F27E24E1C00110D92 /* Assets.xcassets */ = {isa = PBXFileReference; lastKnownFileType = folder.assetcatalog; path = Assets.xcassets; sourceTree = "<group>"; };
		A3CFBB4527E24E1C00110D92 /* StandZone WatchKit Extension.appex */ = {isa = PBXFileReference; explicitFileType = "wrapper.app-extension"; includeInIndex = 0; path = "StandZone WatchKit Extension.appex"; sourceTree = BUILT_PRODUCTS_DIR; };
		A3CFBB4A27E24E1C00110D92 /* StandZoneApp.swift */ = {isa = PBXFileReference; lastKnownFileType = sourcecode.swift; path = StandZoneApp.swift; sourceTree = "<group>"; };
		A3CFBB4C27E24E1C00110D92 /* ContentView.swift */ = {isa = PBXFileReference; lastKnownFileType = sourcecode.swift; path = ContentView.swift; sourceTree = "<group>"; };
		A3CFBB4E27E24E1C00110D92 /* NotificationController.swift */ = {isa = PBXFileReference; lastKnownFileType = sourcecode.swift; path = NotificationController.swift; sourceTree = "<group>"; };
		A3CFBB5027E24E1C00110D92 /* NotificationView.swift */ = {isa = PBXFileReference; lastKnownFileType = sourcecode.swift; path = NotificationView.swift; sourceTree = "<group>"; };
		A3CFBB5227E24E1C00110D92 /* ComplicationController.swift */ = {isa = PBXFileReference; lastKnownFileType = sourcecode.swift; path = ComplicationController.swift; sourceTree = "<group>"; };
		A3CFBB5427E24E1D00110D92 /* Assets.xcassets */ = {isa = PBXFileReference; lastKnownFileType = folder.assetcatalog; path = Assets.xcassets; sourceTree = "<group>"; };
		A3CFBB5727E24E1D00110D92 /* Preview Assets.xcassets */ = {isa = PBXFileReference; lastKnownFileType = folder.assetcatalog; path = "Preview Assets.xcassets"; sourceTree = "<group>"; };
		A3CFBB5927E24E1D00110D92 /* Info.plist */ = {isa = PBXFileReference; lastKnownFileType = text.plist.xml; path = Info.plist; sourceTree = "<group>"; };
		A3CFBB5A27E24E1D00110D92 /* PushNotificationPayload.apns */ = {isa = PBXFileReference; lastKnownFileType = text; path = PushNotificationPayload.apns; sourceTree = "<group>"; };
		A3CFBB5F27E24E1D00110D92 /* StandZone WatchKit AppTests.xctest */ = {isa = PBXFileReference; explicitFileType = wrapper.cfbundle; includeInIndex = 0; path = "StandZone WatchKit AppTests.xctest"; sourceTree = BUILT_PRODUCTS_DIR; };
		A3CFBB6327E24E1D00110D92 /* StandZone_WatchKit_AppTests.swift */ = {isa = PBXFileReference; lastKnownFileType = sourcecode.swift; path = StandZone_WatchKit_AppTests.swift; sourceTree = "<group>"; };
		A3CFBB6927E24E1D00110D92 /* StandZone WatchKit AppUITests.xctest */ = {isa = PBXFileReference; explicitFileType = wrapper.cfbundle; includeInIndex = 0; path = "StandZone WatchKit AppUITests.xctest"; sourceTree = BUILT_PRODUCTS_DIR; };
		A3CFBB6D27E24E1D00110D92 /* StandZone_WatchKit_AppUITests.swift */ = {isa = PBXFileReference; lastKnownFileType = sourcecode.swift; path = StandZone_WatchKit_AppUITests.swift; sourceTree = "<group>"; };
		A3CFBB6F27E24E1D00110D92 /* StandZone_WatchKit_AppUITestsLaunchTests.swift */ = {isa = PBXFileReference; lastKnownFileType = sourcecode.swift; path = StandZone_WatchKit_AppUITestsLaunchTests.swift; sourceTree = "<group>"; };
		A3DB2830280CCD69001B33F2 /* AccountView.swift */ = {isa = PBXFileReference; lastKnownFileType = sourcecode.swift; path = AccountView.swift; sourceTree = "<group>"; };
/* End PBXFileReference section */

/* Begin PBXFrameworksBuildPhase section */
		A3CFBB1327E24E1900110D92 /* Frameworks */ = {
			isa = PBXFrameworksBuildPhase;
			buildActionMask = 2147483647;
			files = (
				A3BC6C8027E59CE200120DF7 /* SwiftUICharts in Frameworks */,
				A37B262927F0FF1400DCDF70 /* HealthKit.framework in Frameworks */,
			);
			runOnlyForDeploymentPostprocessing = 0;
		};
		A3CFBB2327E24E1A00110D92 /* Frameworks */ = {
			isa = PBXFrameworksBuildPhase;
			buildActionMask = 2147483647;
			files = (
			);
			runOnlyForDeploymentPostprocessing = 0;
		};
		A3CFBB2D27E24E1A00110D92 /* Frameworks */ = {
			isa = PBXFrameworksBuildPhase;
			buildActionMask = 2147483647;
			files = (
			);
			runOnlyForDeploymentPostprocessing = 0;
		};
		A3CFBB4227E24E1C00110D92 /* Frameworks */ = {
			isa = PBXFrameworksBuildPhase;
			buildActionMask = 2147483647;
			files = (
				A3F4087727E952A600BF405C /* SwiftUICharts in Frameworks */,
			);
			runOnlyForDeploymentPostprocessing = 0;
		};
		A3CFBB5C27E24E1D00110D92 /* Frameworks */ = {
			isa = PBXFrameworksBuildPhase;
			buildActionMask = 2147483647;
			files = (
			);
			runOnlyForDeploymentPostprocessing = 0;
		};
		A3CFBB6627E24E1D00110D92 /* Frameworks */ = {
			isa = PBXFrameworksBuildPhase;
			buildActionMask = 2147483647;
			files = (
			);
			runOnlyForDeploymentPostprocessing = 0;
		};
/* End PBXFrameworksBuildPhase section */

/* Begin PBXGroup section */
		A3682DF328105CC400E9F8BF /* DetailSettingView */ = {
			isa = PBXGroup;
			children = (
				A397181627E6E9C500A12479 /* GoalSettingView.swift */,
				A3682DF428105D1800E9F8BF /* NoDisturbSettingView.swift */,
			);
			path = DetailSettingView;
			sourceTree = "<group>";
		};
		A37B261B27F0D3A200DCDF70 /* Data */ = {
			isa = PBXGroup;
			children = (
				A37B261C27F0D5D700DCDF70 /* HealthData.swift */,
			);
			path = Data;
			sourceTree = "<group>";
		};
		A37B261E27F0D5F800DCDF70 /* Utilities */ = {
			isa = PBXGroup;
			children = (
				A37B261F27F0D61A00DCDF70 /* HealthKitSupport.swift */,
				A37B262127F0D89E00DCDF70 /* HealthKitSupport+Strings.swift */,
				A3712D4F2814A42E0082BFB6 /* StandZoneSupport.swift */,
			);
			path = Utilities;
			sourceTree = "<group>";
		};
		A37B262327F0D8C700DCDF70 /* ModelView */ = {
			isa = PBXGroup;
			children = (
				A37BCEDE27E433A200CD629C /* StandZoneController.swift */,
				A37B262E27F13EDE00DCDF70 /* HealthViewController.swift */,
			);
			path = ModelView;
			sourceTree = "<group>";
		};
		A37B262427F0F07A00DCDF70 /* RegisterView */ = {
			isa = PBXGroup;
			children = (
				A37BCED027E38A0F00CD629C /* RegisterView.swift */,
				A37BCED627E3A79F00CD629C /* RegisterView1.swift */,
				A37BCED827E3CF6A00CD629C /* RegisterView2.swift */,
				A37BCEDA27E3D62E00CD629C /* RegisterView3.swift */,
				A37BCEDC27E3DDEF00CD629C /* RegisterView4.swift */,
			);
			path = RegisterView;
			sourceTree = "<group>";
		};
		A37B262A27F1070000DCDF70 /* HomeView */ = {
			isa = PBXGroup;
			children = (
				A3BC6C8127E652A800120DF7 /* MainView.swift */,
				A394978927E4E639003CE542 /* HomeView.swift */,
				A3706CF227E5887C006F9C33 /* HomeView1.swift */,
				849DA85727E8259C00DDC6DD /* HomeView2.swift */,
				A3BC6C8327E6E44500120DF7 /* HomeView3.swift */,
			);
			path = HomeView;
			sourceTree = "<group>";
		};
		A37B262B27F1387400DCDF70 /* Model */ = {
			isa = PBXGroup;
			children = (
				A37BCEE027E43A5900CD629C /* UserModel.swift */,
				A37B262C27F138CA00DCDF70 /* HealthDataTypeValue.swift */,
			);
			path = Model;
			sourceTree = "<group>";
		};
		A3CFBB0D27E24E1800110D92 = {
			isa = PBXGroup;
			children = (
				A3CFBB1827E24E1900110D92 /* StandZone */,
				A3CFBB2927E24E1A00110D92 /* StandZoneTests */,
				A3CFBB3327E24E1B00110D92 /* StandZoneUITests */,
				A3CFBB3E27E24E1B00110D92 /* StandZone WatchKit App */,
				A3CFBB4927E24E1C00110D92 /* StandZone WatchKit Extension */,
				A3CFBB6227E24E1D00110D92 /* StandZone WatchKit AppTests */,
				A3CFBB6C27E24E1D00110D92 /* StandZone WatchKit AppUITests */,
				A3CFBB1727E24E1900110D92 /* Products */,
				A3F4087527E952A600BF405C /* Frameworks */,
			);
			sourceTree = "<group>";
		};
		A3CFBB1727E24E1900110D92 /* Products */ = {
			isa = PBXGroup;
			children = (
				A3CFBB1627E24E1900110D92 /* StandZone.app */,
				A3CFBB2627E24E1A00110D92 /* StandZoneTests.xctest */,
				A3CFBB3027E24E1A00110D92 /* StandZoneUITests.xctest */,
				A3CFBB3A27E24E1B00110D92 /* StandZone WatchKit App.app */,
				A3CFBB4527E24E1C00110D92 /* StandZone WatchKit Extension.appex */,
				A3CFBB5F27E24E1D00110D92 /* StandZone WatchKit AppTests.xctest */,
				A3CFBB6927E24E1D00110D92 /* StandZone WatchKit AppUITests.xctest */,
			);
			name = Products;
			sourceTree = "<group>";
		};
		A3CFBB1827E24E1900110D92 /* StandZone */ = {
			isa = PBXGroup;
			children = (
				A39146712814781A0012217A /* Info.plist */,
				A3682DF328105CC400E9F8BF /* DetailSettingView */,
				A3DB2832280CCD81001B33F2 /* OtherView */,
				A37B262B27F1387400DCDF70 /* Model */,
				A37B262A27F1070000DCDF70 /* HomeView */,
				A37B262727F0FF1400DCDF70 /* StandZone.entitlements */,
				A37B262427F0F07A00DCDF70 /* RegisterView */,
				A37B262327F0D8C700DCDF70 /* ModelView */,
				A37B261E27F0D5F800DCDF70 /* Utilities */,
				A37B261B27F0D3A200DCDF70 /* Data */,
				A3CFBB1927E24E1900110D92 /* StandZoneApp.swift */,
				A3CFBB1D27E24E1A00110D92 /* Assets.xcassets */,
				A3CFBB1F27E24E1A00110D92 /* Preview Content */,
			);
			path = StandZone;
			sourceTree = "<group>";
		};
		A3CFBB1F27E24E1A00110D92 /* Preview Content */ = {
			isa = PBXGroup;
			children = (
				A3CFBB2027E24E1A00110D92 /* Preview Assets.xcassets */,
			);
			path = "Preview Content";
			sourceTree = "<group>";
		};
		A3CFBB2927E24E1A00110D92 /* StandZoneTests */ = {
			isa = PBXGroup;
			children = (
				A3CFBB2A27E24E1A00110D92 /* StandZoneTests.swift */,
			);
			path = StandZoneTests;
			sourceTree = "<group>";
		};
		A3CFBB3327E24E1B00110D92 /* StandZoneUITests */ = {
			isa = PBXGroup;
			children = (
				A3CFBB3427E24E1B00110D92 /* StandZoneUITests.swift */,
				A3CFBB3627E24E1B00110D92 /* StandZoneUITestsLaunchTests.swift */,
			);
			path = StandZoneUITests;
			sourceTree = "<group>";
		};
		A3CFBB3E27E24E1B00110D92 /* StandZone WatchKit App */ = {
			isa = PBXGroup;
			children = (
				A3CFBB3F27E24E1C00110D92 /* Assets.xcassets */,
			);
			path = "StandZone WatchKit App";
			sourceTree = "<group>";
		};
		A3CFBB4927E24E1C00110D92 /* StandZone WatchKit Extension */ = {
			isa = PBXGroup;
			children = (
				A3CFBB4A27E24E1C00110D92 /* StandZoneApp.swift */,
				A3CFBB4C27E24E1C00110D92 /* ContentView.swift */,
				A3CFBB4E27E24E1C00110D92 /* NotificationController.swift */,
				A3CFBB5027E24E1C00110D92 /* NotificationView.swift */,
				A3CFBB5227E24E1C00110D92 /* ComplicationController.swift */,
				A3CFBB5427E24E1D00110D92 /* Assets.xcassets */,
				A3CFBB5927E24E1D00110D92 /* Info.plist */,
				A3CFBB5A27E24E1D00110D92 /* PushNotificationPayload.apns */,
				A3CFBB5627E24E1D00110D92 /* Preview Content */,
			);
			path = "StandZone WatchKit Extension";
			sourceTree = "<group>";
		};
		A3CFBB5627E24E1D00110D92 /* Preview Content */ = {
			isa = PBXGroup;
			children = (
				A3CFBB5727E24E1D00110D92 /* Preview Assets.xcassets */,
			);
			path = "Preview Content";
			sourceTree = "<group>";
		};
		A3CFBB6227E24E1D00110D92 /* StandZone WatchKit AppTests */ = {
			isa = PBXGroup;
			children = (
				A3CFBB6327E24E1D00110D92 /* StandZone_WatchKit_AppTests.swift */,
			);
			path = "StandZone WatchKit AppTests";
			sourceTree = "<group>";
		};
		A3CFBB6C27E24E1D00110D92 /* StandZone WatchKit AppUITests */ = {
			isa = PBXGroup;
			children = (
				A3CFBB6D27E24E1D00110D92 /* StandZone_WatchKit_AppUITests.swift */,
				A3CFBB6F27E24E1D00110D92 /* StandZone_WatchKit_AppUITestsLaunchTests.swift */,
			);
			path = "StandZone WatchKit AppUITests";
			sourceTree = "<group>";
		};
		A3DB2832280CCD81001B33F2 /* OtherView */ = {
			isa = PBXGroup;
			children = (
				A3DB2830280CCD69001B33F2 /* AccountView.swift */,
				A3CFBB1B27E24E1900110D92 /* InitialView.swift */,
				A37BCED227E3936E00CD629C /* LoginView.swift */,
				A37BCED427E3A0A200CD629C /* SwitchView.swift */,
				A39E9F5A2816003C0081F8A6 /* NoRankView.swift */,
			);
			path = OtherView;
			sourceTree = "<group>";
		};
		A3F4087527E952A600BF405C /* Frameworks */ = {
			isa = PBXGroup;
			children = (
				A37B262827F0FF1400DCDF70 /* HealthKit.framework */,
			);
			name = Frameworks;
			sourceTree = "<group>";
		};
/* End PBXGroup section */

/* Begin PBXNativeTarget section */
		A3CFBB1527E24E1900110D92 /* StandZone */ = {
			isa = PBXNativeTarget;
			buildConfigurationList = A3CFBB7B27E24E1D00110D92 /* Build configuration list for PBXNativeTarget "StandZone" */;
			buildPhases = (
				A3CFBB1227E24E1900110D92 /* Sources */,
				A3CFBB1327E24E1900110D92 /* Frameworks */,
				A3CFBB1427E24E1900110D92 /* Resources */,
				A3CFBB7A27E24E1D00110D92 /* Embed Watch Content */,
			);
			buildRules = (
			);
			dependencies = (
				A3CFBB3D27E24E1B00110D92 /* PBXTargetDependency */,
			);
			name = StandZone;
			packageProductDependencies = (
				A3BC6C7F27E59CE200120DF7 /* SwiftUICharts */,
			);
			productName = StandZone;
			productReference = A3CFBB1627E24E1900110D92 /* StandZone.app */;
			productType = "com.apple.product-type.application";
		};
		A3CFBB2527E24E1A00110D92 /* StandZoneTests */ = {
			isa = PBXNativeTarget;
			buildConfigurationList = A3CFBB7E27E24E1D00110D92 /* Build configuration list for PBXNativeTarget "StandZoneTests" */;
			buildPhases = (
				A3CFBB2227E24E1A00110D92 /* Sources */,
				A3CFBB2327E24E1A00110D92 /* Frameworks */,
				A3CFBB2427E24E1A00110D92 /* Resources */,
			);
			buildRules = (
			);
			dependencies = (
				A3CFBB2827E24E1A00110D92 /* PBXTargetDependency */,
			);
			name = StandZoneTests;
			productName = StandZoneTests;
			productReference = A3CFBB2627E24E1A00110D92 /* StandZoneTests.xctest */;
			productType = "com.apple.product-type.bundle.unit-test";
		};
		A3CFBB2F27E24E1A00110D92 /* StandZoneUITests */ = {
			isa = PBXNativeTarget;
			buildConfigurationList = A3CFBB8127E24E1D00110D92 /* Build configuration list for PBXNativeTarget "StandZoneUITests" */;
			buildPhases = (
				A3CFBB2C27E24E1A00110D92 /* Sources */,
				A3CFBB2D27E24E1A00110D92 /* Frameworks */,
				A3CFBB2E27E24E1A00110D92 /* Resources */,
			);
			buildRules = (
			);
			dependencies = (
				A3CFBB3227E24E1B00110D92 /* PBXTargetDependency */,
			);
			name = StandZoneUITests;
			productName = StandZoneUITests;
			productReference = A3CFBB3027E24E1A00110D92 /* StandZoneUITests.xctest */;
			productType = "com.apple.product-type.bundle.ui-testing";
		};
		A3CFBB3927E24E1B00110D92 /* StandZone WatchKit App */ = {
			isa = PBXNativeTarget;
			buildConfigurationList = A3CFBB7727E24E1D00110D92 /* Build configuration list for PBXNativeTarget "StandZone WatchKit App" */;
			buildPhases = (
				A3CFBB3827E24E1B00110D92 /* Resources */,
				A3CFBB7627E24E1D00110D92 /* Embed App Extensions */,
			);
			buildRules = (
			);
			dependencies = (
				A3CFBB4827E24E1C00110D92 /* PBXTargetDependency */,
			);
			name = "StandZone WatchKit App";
			productName = "StandZone WatchKit App";
			productReference = A3CFBB3A27E24E1B00110D92 /* StandZone WatchKit App.app */;
			productType = "com.apple.product-type.application.watchapp2";
		};
		A3CFBB4427E24E1C00110D92 /* StandZone WatchKit Extension */ = {
			isa = PBXNativeTarget;
			buildConfigurationList = A3CFBB7327E24E1D00110D92 /* Build configuration list for PBXNativeTarget "StandZone WatchKit Extension" */;
			buildPhases = (
				A3CFBB4127E24E1C00110D92 /* Sources */,
				A3CFBB4227E24E1C00110D92 /* Frameworks */,
				A3CFBB4327E24E1C00110D92 /* Resources */,
			);
			buildRules = (
			);
			dependencies = (
			);
			name = "StandZone WatchKit Extension";
			packageProductDependencies = (
				A3F4087627E952A600BF405C /* SwiftUICharts */,
			);
			productName = "StandZone WatchKit Extension";
			productReference = A3CFBB4527E24E1C00110D92 /* StandZone WatchKit Extension.appex */;
			productType = "com.apple.product-type.watchkit2-extension";
		};
		A3CFBB5E27E24E1D00110D92 /* StandZone WatchKit AppTests */ = {
			isa = PBXNativeTarget;
			buildConfigurationList = A3CFBB8427E24E1D00110D92 /* Build configuration list for PBXNativeTarget "StandZone WatchKit AppTests" */;
			buildPhases = (
				A3CFBB5B27E24E1D00110D92 /* Sources */,
				A3CFBB5C27E24E1D00110D92 /* Frameworks */,
				A3CFBB5D27E24E1D00110D92 /* Resources */,
			);
			buildRules = (
			);
			dependencies = (
				A3CFBB6127E24E1D00110D92 /* PBXTargetDependency */,
			);
			name = "StandZone WatchKit AppTests";
			productName = "StandZone WatchKit AppTests";
			productReference = A3CFBB5F27E24E1D00110D92 /* StandZone WatchKit AppTests.xctest */;
			productType = "com.apple.product-type.bundle.unit-test";
		};
		A3CFBB6827E24E1D00110D92 /* StandZone WatchKit AppUITests */ = {
			isa = PBXNativeTarget;
			buildConfigurationList = A3CFBB8727E24E1D00110D92 /* Build configuration list for PBXNativeTarget "StandZone WatchKit AppUITests" */;
			buildPhases = (
				A3CFBB6527E24E1D00110D92 /* Sources */,
				A3CFBB6627E24E1D00110D92 /* Frameworks */,
				A3CFBB6727E24E1D00110D92 /* Resources */,
			);
			buildRules = (
			);
			dependencies = (
				A3CFBB6B27E24E1D00110D92 /* PBXTargetDependency */,
			);
			name = "StandZone WatchKit AppUITests";
			productName = "StandZone WatchKit AppUITests";
			productReference = A3CFBB6927E24E1D00110D92 /* StandZone WatchKit AppUITests.xctest */;
			productType = "com.apple.product-type.bundle.ui-testing";
		};
/* End PBXNativeTarget section */

/* Begin PBXProject section */
		A3CFBB0E27E24E1800110D92 /* Project object */ = {
			isa = PBXProject;
			attributes = {
				BuildIndependentTargetsInParallel = 1;
				LastSwiftUpdateCheck = 1330;
				LastUpgradeCheck = 1330;
				TargetAttributes = {
					A3CFBB1527E24E1900110D92 = {
						CreatedOnToolsVersion = 13.3;
					};
					A3CFBB2527E24E1A00110D92 = {
						CreatedOnToolsVersion = 13.3;
						TestTargetID = A3CFBB1527E24E1900110D92;
					};
					A3CFBB2F27E24E1A00110D92 = {
						CreatedOnToolsVersion = 13.3;
						TestTargetID = A3CFBB1527E24E1900110D92;
					};
					A3CFBB3927E24E1B00110D92 = {
						CreatedOnToolsVersion = 13.3;
					};
					A3CFBB4427E24E1C00110D92 = {
						CreatedOnToolsVersion = 13.3;
					};
					A3CFBB5E27E24E1D00110D92 = {
						CreatedOnToolsVersion = 13.3;
						TestTargetID = A3CFBB4427E24E1C00110D92;
					};
					A3CFBB6827E24E1D00110D92 = {
						CreatedOnToolsVersion = 13.3;
						TestTargetID = A3CFBB3927E24E1B00110D92;
					};
				};
			};
			buildConfigurationList = A3CFBB1127E24E1800110D92 /* Build configuration list for PBXProject "StandZone" */;
			compatibilityVersion = "Xcode 13.0";
			developmentRegion = en;
			hasScannedForEncodings = 0;
			knownRegions = (
				en,
				Base,
			);
			mainGroup = A3CFBB0D27E24E1800110D92;
			packageReferences = (
				A3BC6C7E27E59CE200120DF7 /* XCRemoteSwiftPackageReference "SwiftUICharts" */,
			);
			productRefGroup = A3CFBB1727E24E1900110D92 /* Products */;
			projectDirPath = "";
			projectRoot = "";
			targets = (
				A3CFBB1527E24E1900110D92 /* StandZone */,
				A3CFBB2527E24E1A00110D92 /* StandZoneTests */,
				A3CFBB2F27E24E1A00110D92 /* StandZoneUITests */,
				A3CFBB3927E24E1B00110D92 /* StandZone WatchKit App */,
				A3CFBB4427E24E1C00110D92 /* StandZone WatchKit Extension */,
				A3CFBB5E27E24E1D00110D92 /* StandZone WatchKit AppTests */,
				A3CFBB6827E24E1D00110D92 /* StandZone WatchKit AppUITests */,
			);
		};
/* End PBXProject section */

/* Begin PBXResourcesBuildPhase section */
		A3CFBB1427E24E1900110D92 /* Resources */ = {
			isa = PBXResourcesBuildPhase;
			buildActionMask = 2147483647;
			files = (
				84486B9F281754A1007E062B /* StandZone WatchKit App.app in Resources */,
				A3CFBB2127E24E1A00110D92 /* Preview Assets.xcassets in Resources */,
				A3CFBB1E27E24E1A00110D92 /* Assets.xcassets in Resources */,
			);
			runOnlyForDeploymentPostprocessing = 0;
		};
		A3CFBB2427E24E1A00110D92 /* Resources */ = {
			isa = PBXResourcesBuildPhase;
			buildActionMask = 2147483647;
			files = (
			);
			runOnlyForDeploymentPostprocessing = 0;
		};
		A3CFBB2E27E24E1A00110D92 /* Resources */ = {
			isa = PBXResourcesBuildPhase;
			buildActionMask = 2147483647;
			files = (
			);
			runOnlyForDeploymentPostprocessing = 0;
		};
		A3CFBB3827E24E1B00110D92 /* Resources */ = {
			isa = PBXResourcesBuildPhase;
			buildActionMask = 2147483647;
			files = (
				A3CFBB4027E24E1C00110D92 /* Assets.xcassets in Resources */,
			);
			runOnlyForDeploymentPostprocessing = 0;
		};
		A3CFBB4327E24E1C00110D92 /* Resources */ = {
			isa = PBXResourcesBuildPhase;
			buildActionMask = 2147483647;
			files = (
				A3CFBB5827E24E1D00110D92 /* Preview Assets.xcassets in Resources */,
				A3CFBB5527E24E1D00110D92 /* Assets.xcassets in Resources */,
			);
			runOnlyForDeploymentPostprocessing = 0;
		};
		A3CFBB5D27E24E1D00110D92 /* Resources */ = {
			isa = PBXResourcesBuildPhase;
			buildActionMask = 2147483647;
			files = (
			);
			runOnlyForDeploymentPostprocessing = 0;
		};
		A3CFBB6727E24E1D00110D92 /* Resources */ = {
			isa = PBXResourcesBuildPhase;
			buildActionMask = 2147483647;
			files = (
			);
			runOnlyForDeploymentPostprocessing = 0;
		};
/* End PBXResourcesBuildPhase section */

/* Begin PBXSourcesBuildPhase section */
		A3CFBB1227E24E1900110D92 /* Sources */ = {
			isa = PBXSourcesBuildPhase;
			buildActionMask = 2147483647;
			files = (
				A37BCED127E38A0F00CD629C /* RegisterView.swift in Sources */,
				A37B262227F0D89E00DCDF70 /* HealthKitSupport+Strings.swift in Sources */,
				A3BC6C8227E652A800120DF7 /* MainView.swift in Sources */,
				A37BCEDB27E3D62E00CD629C /* RegisterView3.swift in Sources */,
				A3682DF528105D1800E9F8BF /* NoDisturbSettingView.swift in Sources */,
				A37B261D27F0D5D700DCDF70 /* HealthData.swift in Sources */,
				A3712D502814A42E0082BFB6 /* StandZoneSupport.swift in Sources */,
				849DA85827E8259D00DDC6DD /* HomeView2.swift in Sources */,
				A3706CF327E5887C006F9C33 /* HomeView1.swift in Sources */,
				A39E9F5B2816003D0081F8A6 /* NoRankView.swift in Sources */,
				A3BC6C8427E6E44500120DF7 /* HomeView3.swift in Sources */,
				A3DB2831280CCD69001B33F2 /* AccountView.swift in Sources */,
				A37B262027F0D61A00DCDF70 /* HealthKitSupport.swift in Sources */,
				A37B262D27F138CA00DCDF70 /* HealthDataTypeValue.swift in Sources */,
				A3CFBB1C27E24E1900110D92 /* InitialView.swift in Sources */,
				A37BCED327E3936E00CD629C /* LoginView.swift in Sources */,
				A37BCEDF27E433A200CD629C /* StandZoneController.swift in Sources */,
				A37BCED927E3CF6A00CD629C /* RegisterView2.swift in Sources */,
				A37BCED727E3A79F00CD629C /* RegisterView1.swift in Sources */,
				A37BCEDD27E3DDEF00CD629C /* RegisterView4.swift in Sources */,
				A37BCED527E3A0A200CD629C /* SwitchView.swift in Sources */,
				A394978A27E4E639003CE542 /* HomeView.swift in Sources */,
				A37B262F27F13EDE00DCDF70 /* HealthViewController.swift in Sources */,
				A3CFBB1A27E24E1900110D92 /* StandZoneApp.swift in Sources */,
				A397181727E6E9C500A12479 /* GoalSettingView.swift in Sources */,
				A37BCEE127E43A5900CD629C /* UserModel.swift in Sources */,
			);
			runOnlyForDeploymentPostprocessing = 0;
		};
		A3CFBB2227E24E1A00110D92 /* Sources */ = {
			isa = PBXSourcesBuildPhase;
			buildActionMask = 2147483647;
			files = (
				A3CFBB2B27E24E1A00110D92 /* StandZoneTests.swift in Sources */,
			);
			runOnlyForDeploymentPostprocessing = 0;
		};
		A3CFBB2C27E24E1A00110D92 /* Sources */ = {
			isa = PBXSourcesBuildPhase;
			buildActionMask = 2147483647;
			files = (
				A3CFBB3527E24E1B00110D92 /* StandZoneUITests.swift in Sources */,
				A3CFBB3727E24E1B00110D92 /* StandZoneUITestsLaunchTests.swift in Sources */,
			);
			runOnlyForDeploymentPostprocessing = 0;
		};
		A3CFBB4127E24E1C00110D92 /* Sources */ = {
			isa = PBXSourcesBuildPhase;
			buildActionMask = 2147483647;
			files = (
				A3CFBB4F27E24E1C00110D92 /* NotificationController.swift in Sources */,
				A3CFBB4D27E24E1C00110D92 /* ContentView.swift in Sources */,
				A3CFBB5327E24E1C00110D92 /* ComplicationController.swift in Sources */,
				A3CFBB4B27E24E1C00110D92 /* StandZoneApp.swift in Sources */,
				A3CFBB5127E24E1C00110D92 /* NotificationView.swift in Sources */,
			);
			runOnlyForDeploymentPostprocessing = 0;
		};
		A3CFBB5B27E24E1D00110D92 /* Sources */ = {
			isa = PBXSourcesBuildPhase;
			buildActionMask = 2147483647;
			files = (
				A3CFBB6427E24E1D00110D92 /* StandZone_WatchKit_AppTests.swift in Sources */,
			);
			runOnlyForDeploymentPostprocessing = 0;
		};
		A3CFBB6527E24E1D00110D92 /* Sources */ = {
			isa = PBXSourcesBuildPhase;
			buildActionMask = 2147483647;
			files = (
				A3CFBB7027E24E1D00110D92 /* StandZone_WatchKit_AppUITestsLaunchTests.swift in Sources */,
				A3CFBB6E27E24E1D00110D92 /* StandZone_WatchKit_AppUITests.swift in Sources */,
			);
			runOnlyForDeploymentPostprocessing = 0;
		};
/* End PBXSourcesBuildPhase section */

/* Begin PBXTargetDependency section */
		A3CFBB2827E24E1A00110D92 /* PBXTargetDependency */ = {
			isa = PBXTargetDependency;
			target = A3CFBB1527E24E1900110D92 /* StandZone */;
			targetProxy = A3CFBB2727E24E1A00110D92 /* PBXContainerItemProxy */;
		};
		A3CFBB3227E24E1B00110D92 /* PBXTargetDependency */ = {
			isa = PBXTargetDependency;
			target = A3CFBB1527E24E1900110D92 /* StandZone */;
			targetProxy = A3CFBB3127E24E1B00110D92 /* PBXContainerItemProxy */;
		};
		A3CFBB3D27E24E1B00110D92 /* PBXTargetDependency */ = {
			isa = PBXTargetDependency;
			target = A3CFBB3927E24E1B00110D92 /* StandZone WatchKit App */;
			targetProxy = A3CFBB3C27E24E1B00110D92 /* PBXContainerItemProxy */;
		};
		A3CFBB4827E24E1C00110D92 /* PBXTargetDependency */ = {
			isa = PBXTargetDependency;
			target = A3CFBB4427E24E1C00110D92 /* StandZone WatchKit Extension */;
			targetProxy = A3CFBB4727E24E1C00110D92 /* PBXContainerItemProxy */;
		};
		A3CFBB6127E24E1D00110D92 /* PBXTargetDependency */ = {
			isa = PBXTargetDependency;
			target = A3CFBB4427E24E1C00110D92 /* StandZone WatchKit Extension */;
			targetProxy = A3CFBB6027E24E1D00110D92 /* PBXContainerItemProxy */;
		};
		A3CFBB6B27E24E1D00110D92 /* PBXTargetDependency */ = {
			isa = PBXTargetDependency;
			target = A3CFBB3927E24E1B00110D92 /* StandZone WatchKit App */;
			targetProxy = A3CFBB6A27E24E1D00110D92 /* PBXContainerItemProxy */;
		};
/* End PBXTargetDependency section */

/* Begin XCBuildConfiguration section */
		A3CFBB7127E24E1D00110D92 /* Debug */ = {
			isa = XCBuildConfiguration;
			buildSettings = {
				ALWAYS_SEARCH_USER_PATHS = NO;
				CLANG_ANALYZER_NONNULL = YES;
				CLANG_ANALYZER_NUMBER_OBJECT_CONVERSION = YES_AGGRESSIVE;
				CLANG_CXX_LANGUAGE_STANDARD = "gnu++17";
				CLANG_ENABLE_MODULES = YES;
				CLANG_ENABLE_OBJC_ARC = YES;
				CLANG_ENABLE_OBJC_WEAK = YES;
				CLANG_WARN_BLOCK_CAPTURE_AUTORELEASING = YES;
				CLANG_WARN_BOOL_CONVERSION = YES;
				CLANG_WARN_COMMA = YES;
				CLANG_WARN_CONSTANT_CONVERSION = YES;
				CLANG_WARN_DEPRECATED_OBJC_IMPLEMENTATIONS = YES;
				CLANG_WARN_DIRECT_OBJC_ISA_USAGE = YES_ERROR;
				CLANG_WARN_DOCUMENTATION_COMMENTS = YES;
				CLANG_WARN_EMPTY_BODY = YES;
				CLANG_WARN_ENUM_CONVERSION = YES;
				CLANG_WARN_INFINITE_RECURSION = YES;
				CLANG_WARN_INT_CONVERSION = YES;
				CLANG_WARN_NON_LITERAL_NULL_CONVERSION = YES;
				CLANG_WARN_OBJC_IMPLICIT_RETAIN_SELF = YES;
				CLANG_WARN_OBJC_LITERAL_CONVERSION = YES;
				CLANG_WARN_OBJC_ROOT_CLASS = YES_ERROR;
				CLANG_WARN_QUOTED_INCLUDE_IN_FRAMEWORK_HEADER = YES;
				CLANG_WARN_RANGE_LOOP_ANALYSIS = YES;
				CLANG_WARN_STRICT_PROTOTYPES = YES;
				CLANG_WARN_SUSPICIOUS_MOVE = YES;
				CLANG_WARN_UNGUARDED_AVAILABILITY = YES_AGGRESSIVE;
				CLANG_WARN_UNREACHABLE_CODE = YES;
				CLANG_WARN__DUPLICATE_METHOD_MATCH = YES;
				COPY_PHASE_STRIP = NO;
				DEBUG_INFORMATION_FORMAT = dwarf;
				ENABLE_STRICT_OBJC_MSGSEND = YES;
				ENABLE_TESTABILITY = YES;
				GCC_C_LANGUAGE_STANDARD = gnu11;
				GCC_DYNAMIC_NO_PIC = NO;
				GCC_NO_COMMON_BLOCKS = YES;
				GCC_OPTIMIZATION_LEVEL = 0;
				GCC_PREPROCESSOR_DEFINITIONS = (
					"DEBUG=1",
					"$(inherited)",
				);
				GCC_WARN_64_TO_32_BIT_CONVERSION = YES;
				GCC_WARN_ABOUT_RETURN_TYPE = YES_ERROR;
				GCC_WARN_UNDECLARED_SELECTOR = YES;
				GCC_WARN_UNINITIALIZED_AUTOS = YES_AGGRESSIVE;
				GCC_WARN_UNUSED_FUNCTION = YES;
				GCC_WARN_UNUSED_VARIABLE = YES;
				IPHONEOS_DEPLOYMENT_TARGET = 15.0;
				MTL_ENABLE_DEBUG_INFO = INCLUDE_SOURCE;
				MTL_FAST_MATH = YES;
				ONLY_ACTIVE_ARCH = YES;
				SWIFT_ACTIVE_COMPILATION_CONDITIONS = DEBUG;
				SWIFT_OPTIMIZATION_LEVEL = "-Onone";
			};
			name = Debug;
		};
		A3CFBB7227E24E1D00110D92 /* Release */ = {
			isa = XCBuildConfiguration;
			buildSettings = {
				ALWAYS_SEARCH_USER_PATHS = NO;
				CLANG_ANALYZER_NONNULL = YES;
				CLANG_ANALYZER_NUMBER_OBJECT_CONVERSION = YES_AGGRESSIVE;
				CLANG_CXX_LANGUAGE_STANDARD = "gnu++17";
				CLANG_ENABLE_MODULES = YES;
				CLANG_ENABLE_OBJC_ARC = YES;
				CLANG_ENABLE_OBJC_WEAK = YES;
				CLANG_WARN_BLOCK_CAPTURE_AUTORELEASING = YES;
				CLANG_WARN_BOOL_CONVERSION = YES;
				CLANG_WARN_COMMA = YES;
				CLANG_WARN_CONSTANT_CONVERSION = YES;
				CLANG_WARN_DEPRECATED_OBJC_IMPLEMENTATIONS = YES;
				CLANG_WARN_DIRECT_OBJC_ISA_USAGE = YES_ERROR;
				CLANG_WARN_DOCUMENTATION_COMMENTS = YES;
				CLANG_WARN_EMPTY_BODY = YES;
				CLANG_WARN_ENUM_CONVERSION = YES;
				CLANG_WARN_INFINITE_RECURSION = YES;
				CLANG_WARN_INT_CONVERSION = YES;
				CLANG_WARN_NON_LITERAL_NULL_CONVERSION = YES;
				CLANG_WARN_OBJC_IMPLICIT_RETAIN_SELF = YES;
				CLANG_WARN_OBJC_LITERAL_CONVERSION = YES;
				CLANG_WARN_OBJC_ROOT_CLASS = YES_ERROR;
				CLANG_WARN_QUOTED_INCLUDE_IN_FRAMEWORK_HEADER = YES;
				CLANG_WARN_RANGE_LOOP_ANALYSIS = YES;
				CLANG_WARN_STRICT_PROTOTYPES = YES;
				CLANG_WARN_SUSPICIOUS_MOVE = YES;
				CLANG_WARN_UNGUARDED_AVAILABILITY = YES_AGGRESSIVE;
				CLANG_WARN_UNREACHABLE_CODE = YES;
				CLANG_WARN__DUPLICATE_METHOD_MATCH = YES;
				COPY_PHASE_STRIP = NO;
				DEBUG_INFORMATION_FORMAT = "dwarf-with-dsym";
				ENABLE_NS_ASSERTIONS = NO;
				ENABLE_STRICT_OBJC_MSGSEND = YES;
				GCC_C_LANGUAGE_STANDARD = gnu11;
				GCC_NO_COMMON_BLOCKS = YES;
				GCC_WARN_64_TO_32_BIT_CONVERSION = YES;
				GCC_WARN_ABOUT_RETURN_TYPE = YES_ERROR;
				GCC_WARN_UNDECLARED_SELECTOR = YES;
				GCC_WARN_UNINITIALIZED_AUTOS = YES_AGGRESSIVE;
				GCC_WARN_UNUSED_FUNCTION = YES;
				GCC_WARN_UNUSED_VARIABLE = YES;
				IPHONEOS_DEPLOYMENT_TARGET = 15.0;
				MTL_ENABLE_DEBUG_INFO = NO;
				MTL_FAST_MATH = YES;
				SWIFT_COMPILATION_MODE = wholemodule;
				SWIFT_OPTIMIZATION_LEVEL = "-O";
			};
			name = Release;
		};
		A3CFBB7427E24E1D00110D92 /* Debug */ = {
			isa = XCBuildConfiguration;
			buildSettings = {
				ASSETCATALOG_COMPILER_COMPLICATION_NAME = Complication;
				CODE_SIGN_STYLE = Automatic;
				CURRENT_PROJECT_VERSION = 1;
				DEVELOPMENT_ASSET_PATHS = "\"StandZone WatchKit Extension/Preview Content\"";
				DEVELOPMENT_TEAM = G3X3AF8BFZ;
				ENABLE_PREVIEWS = YES;
				GENERATE_INFOPLIST_FILE = YES;
				INFOPLIST_FILE = "StandZone WatchKit Extension/Info.plist";
				INFOPLIST_KEY_CFBundleDisplayName = "StandZone WatchKit Extension";
				INFOPLIST_KEY_CLKComplicationPrincipalClass = StandZone_WatchKit_Extension.ComplicationController;
				INFOPLIST_KEY_NSHumanReadableCopyright = "";
				INFOPLIST_KEY_WKRunsIndependentlyOfCompanionApp = YES;
				LD_RUNPATH_SEARCH_PATHS = (
					"$(inherited)",
					"@executable_path/Frameworks",
					"@executable_path/../../Frameworks",
				);
				MARKETING_VERSION = 1.0;
				PRODUCT_BUNDLE_IDENTIFIER = edu.cmu.andrew.chunyuye.StandZone.watchkitapp.watchkitextension;
				PRODUCT_NAME = "${TARGET_NAME}";
				SDKROOT = watchos;
				SKIP_INSTALL = YES;
				SWIFT_EMIT_LOC_STRINGS = YES;
				SWIFT_VERSION = 5.0;
				TARGETED_DEVICE_FAMILY = 4;
				WATCHOS_DEPLOYMENT_TARGET = 8.5;
			};
			name = Debug;
		};
		A3CFBB7527E24E1D00110D92 /* Release */ = {
			isa = XCBuildConfiguration;
			buildSettings = {
				ASSETCATALOG_COMPILER_COMPLICATION_NAME = Complication;
				CODE_SIGN_STYLE = Automatic;
				CURRENT_PROJECT_VERSION = 1;
				DEVELOPMENT_ASSET_PATHS = "\"StandZone WatchKit Extension/Preview Content\"";
				DEVELOPMENT_TEAM = G3X3AF8BFZ;
				ENABLE_PREVIEWS = YES;
				GENERATE_INFOPLIST_FILE = YES;
				INFOPLIST_FILE = "StandZone WatchKit Extension/Info.plist";
				INFOPLIST_KEY_CFBundleDisplayName = "StandZone WatchKit Extension";
				INFOPLIST_KEY_CLKComplicationPrincipalClass = StandZone_WatchKit_Extension.ComplicationController;
				INFOPLIST_KEY_NSHumanReadableCopyright = "";
				INFOPLIST_KEY_WKRunsIndependentlyOfCompanionApp = YES;
				LD_RUNPATH_SEARCH_PATHS = (
					"$(inherited)",
					"@executable_path/Frameworks",
					"@executable_path/../../Frameworks",
				);
				MARKETING_VERSION = 1.0;
				PRODUCT_BUNDLE_IDENTIFIER = edu.cmu.andrew.chunyuye.StandZone.watchkitapp.watchkitextension;
				PRODUCT_NAME = "${TARGET_NAME}";
				SDKROOT = watchos;
				SKIP_INSTALL = YES;
				SWIFT_EMIT_LOC_STRINGS = YES;
				SWIFT_VERSION = 5.0;
				TARGETED_DEVICE_FAMILY = 4;
				VALIDATE_PRODUCT = YES;
				WATCHOS_DEPLOYMENT_TARGET = 8.5;
			};
			name = Release;
		};
		A3CFBB7827E24E1D00110D92 /* Debug */ = {
			isa = XCBuildConfiguration;
			buildSettings = {
				ALWAYS_EMBED_SWIFT_STANDARD_LIBRARIES = YES;
				ASSETCATALOG_COMPILER_APPICON_NAME = AppIcon;
				ASSETCATALOG_COMPILER_GLOBAL_ACCENT_COLOR_NAME = AccentColor;
				CODE_SIGN_STYLE = Automatic;
				CURRENT_PROJECT_VERSION = 1;
				DEVELOPMENT_TEAM = G3X3AF8BFZ;
				GENERATE_INFOPLIST_FILE = YES;
				IBSC_MODULE = StandZone_WatchKit_Extension;
				INFOPLIST_KEY_CFBundleDisplayName = "StandZone WatchKit App";
				INFOPLIST_KEY_UISupportedInterfaceOrientations = "UIInterfaceOrientationPortrait UIInterfaceOrientationPortraitUpsideDown";
				INFOPLIST_KEY_WKCompanionAppBundleIdentifier = edu.cmu.andrew.chunyuye.StandZone;
				MARKETING_VERSION = 1.0;
				PRODUCT_BUNDLE_IDENTIFIER = edu.cmu.andrew.chunyuye.StandZone.watchkitapp;
				PRODUCT_NAME = "$(TARGET_NAME)";
				SDKROOT = watchos;
				SKIP_INSTALL = YES;
				SWIFT_EMIT_LOC_STRINGS = YES;
				SWIFT_VERSION = 5.0;
				TARGETED_DEVICE_FAMILY = 4;
				WATCHOS_DEPLOYMENT_TARGET = 8.5;
			};
			name = Debug;
		};
		A3CFBB7927E24E1D00110D92 /* Release */ = {
			isa = XCBuildConfiguration;
			buildSettings = {
				ALWAYS_EMBED_SWIFT_STANDARD_LIBRARIES = YES;
				ASSETCATALOG_COMPILER_APPICON_NAME = AppIcon;
				ASSETCATALOG_COMPILER_GLOBAL_ACCENT_COLOR_NAME = AccentColor;
				CODE_SIGN_STYLE = Automatic;
				CURRENT_PROJECT_VERSION = 1;
				DEVELOPMENT_TEAM = G3X3AF8BFZ;
				GENERATE_INFOPLIST_FILE = YES;
				IBSC_MODULE = StandZone_WatchKit_Extension;
				INFOPLIST_KEY_CFBundleDisplayName = "StandZone WatchKit App";
				INFOPLIST_KEY_UISupportedInterfaceOrientations = "UIInterfaceOrientationPortrait UIInterfaceOrientationPortraitUpsideDown";
				INFOPLIST_KEY_WKCompanionAppBundleIdentifier = edu.cmu.andrew.chunyuye.StandZone;
				MARKETING_VERSION = 1.0;
				PRODUCT_BUNDLE_IDENTIFIER = edu.cmu.andrew.chunyuye.StandZone.watchkitapp;
				PRODUCT_NAME = "$(TARGET_NAME)";
				SDKROOT = watchos;
				SKIP_INSTALL = YES;
				SWIFT_EMIT_LOC_STRINGS = YES;
				SWIFT_VERSION = 5.0;
				TARGETED_DEVICE_FAMILY = 4;
				VALIDATE_PRODUCT = YES;
				WATCHOS_DEPLOYMENT_TARGET = 8.5;
			};
			name = Release;
		};
		A3CFBB7C27E24E1D00110D92 /* Debug */ = {
			isa = XCBuildConfiguration;
			buildSettings = {
				ASSETCATALOG_COMPILER_APPICON_NAME = AppIcon;
				ASSETCATALOG_COMPILER_GLOBAL_ACCENT_COLOR_NAME = AccentColor;
				CODE_SIGN_ENTITLEMENTS = StandZone/StandZone.entitlements;
				CODE_SIGN_IDENTITY = "Apple Development";
				CODE_SIGN_STYLE = Automatic;
				CURRENT_PROJECT_VERSION = 1;
				DEVELOPMENT_ASSET_PATHS = "\"StandZone/Preview Content\"";
				DEVELOPMENT_TEAM = G3X3AF8BFZ;
				ENABLE_PREVIEWS = YES;
				GENERATE_INFOPLIST_FILE = YES;
				INFOPLIST_FILE = StandZone/Info.plist;
				INFOPLIST_KEY_NSCalendarsUsageDescription = "";
				INFOPLIST_KEY_NSContactsUsageDescription = "";
				INFOPLIST_KEY_NSHealthShareUsageDescription = "Allow this app to share your Health data to doctors and clinicians.";
				INFOPLIST_KEY_NSHealthUpdateUsageDescription = "Allow this app to write health data provided from your doctor or clinician.";
				INFOPLIST_KEY_NSRemindersUsageDescription = "";
				INFOPLIST_KEY_UIApplicationSceneManifest_Generation = YES;
				INFOPLIST_KEY_UIApplicationSupportsIndirectInputEvents = YES;
				INFOPLIST_KEY_UILaunchScreen_Generation = YES;
				INFOPLIST_KEY_UISupportedInterfaceOrientations_iPad = "UIInterfaceOrientationPortrait UIInterfaceOrientationPortraitUpsideDown UIInterfaceOrientationLandscapeLeft UIInterfaceOrientationLandscapeRight";
				INFOPLIST_KEY_UISupportedInterfaceOrientations_iPhone = "UIInterfaceOrientationPortrait UIInterfaceOrientationLandscapeLeft UIInterfaceOrientationLandscapeRight";
				IPHONEOS_DEPLOYMENT_TARGET = 15.1;
				LD_RUNPATH_SEARCH_PATHS = (
					"$(inherited)",
					"@executable_path/Frameworks",
				);
				MARKETING_VERSION = 1.0;
				PRODUCT_BUNDLE_IDENTIFIER = edu.cmu.andrew.chunyuye.StandZone;
				PRODUCT_NAME = "$(TARGET_NAME)";
				PROVISIONING_PROFILE_SPECIFIER = "";
				SDKROOT = iphoneos;
				SWIFT_EMIT_LOC_STRINGS = YES;
				SWIFT_VERSION = 5.0;
				TARGETED_DEVICE_FAMILY = "1,2";
			};
			name = Debug;
		};
		A3CFBB7D27E24E1D00110D92 /* Release */ = {
			isa = XCBuildConfiguration;
			buildSettings = {
				ASSETCATALOG_COMPILER_APPICON_NAME = AppIcon;
				ASSETCATALOG_COMPILER_GLOBAL_ACCENT_COLOR_NAME = AccentColor;
				CODE_SIGN_ENTITLEMENTS = StandZone/StandZone.entitlements;
				CODE_SIGN_IDENTITY = "Apple Development";
				CODE_SIGN_STYLE = Automatic;
				CURRENT_PROJECT_VERSION = 1;
				DEVELOPMENT_ASSET_PATHS = "\"StandZone/Preview Content\"";
				DEVELOPMENT_TEAM = G3X3AF8BFZ;
				ENABLE_PREVIEWS = YES;
				GENERATE_INFOPLIST_FILE = YES;
				INFOPLIST_FILE = StandZone/Info.plist;
				INFOPLIST_KEY_NSCalendarsUsageDescription = "";
				INFOPLIST_KEY_NSContactsUsageDescription = "";
				INFOPLIST_KEY_NSHealthShareUsageDescription = "Allow this app to share your Health data to doctors and clinicians.";
				INFOPLIST_KEY_NSHealthUpdateUsageDescription = "Allow this app to write health data provided from your doctor or clinician.";
				INFOPLIST_KEY_NSRemindersUsageDescription = "";
				INFOPLIST_KEY_UIApplicationSceneManifest_Generation = YES;
				INFOPLIST_KEY_UIApplicationSupportsIndirectInputEvents = YES;
				INFOPLIST_KEY_UILaunchScreen_Generation = YES;
				INFOPLIST_KEY_UISupportedInterfaceOrientations_iPad = "UIInterfaceOrientationPortrait UIInterfaceOrientationPortraitUpsideDown UIInterfaceOrientationLandscapeLeft UIInterfaceOrientationLandscapeRight";
				INFOPLIST_KEY_UISupportedInterfaceOrientations_iPhone = "UIInterfaceOrientationPortrait UIInterfaceOrientationLandscapeLeft UIInterfaceOrientationLandscapeRight";
				IPHONEOS_DEPLOYMENT_TARGET = 15.1;
				LD_RUNPATH_SEARCH_PATHS = (
					"$(inherited)",
					"@executable_path/Frameworks",
				);
				MARKETING_VERSION = 1.0;
				PRODUCT_BUNDLE_IDENTIFIER = edu.cmu.andrew.chunyuye.StandZone;
				PRODUCT_NAME = "$(TARGET_NAME)";
				PROVISIONING_PROFILE_SPECIFIER = "";
				SDKROOT = iphoneos;
				SWIFT_EMIT_LOC_STRINGS = YES;
				SWIFT_VERSION = 5.0;
				TARGETED_DEVICE_FAMILY = "1,2";
				VALIDATE_PRODUCT = YES;
			};
			name = Release;
		};
		A3CFBB7F27E24E1D00110D92 /* Debug */ = {
			isa = XCBuildConfiguration;
			buildSettings = {
				ALWAYS_EMBED_SWIFT_STANDARD_LIBRARIES = YES;
				BUNDLE_LOADER = "$(TEST_HOST)";
				CODE_SIGN_STYLE = Automatic;
				CURRENT_PROJECT_VERSION = 1;
				DEVELOPMENT_TEAM = G3X3AF8BFZ;
				GENERATE_INFOPLIST_FILE = YES;
				IPHONEOS_DEPLOYMENT_TARGET = 15.4;
				MARKETING_VERSION = 1.0;
				PRODUCT_BUNDLE_IDENTIFIER = edu.cmu.andrew.chunyuye.StandZoneTests;
				PRODUCT_NAME = "$(TARGET_NAME)";
				SDKROOT = iphoneos;
				SWIFT_EMIT_LOC_STRINGS = NO;
				SWIFT_VERSION = 5.0;
				TARGETED_DEVICE_FAMILY = "1,2";
				TEST_HOST = "$(BUILT_PRODUCTS_DIR)/StandZone.app/StandZone";
			};
			name = Debug;
		};
		A3CFBB8027E24E1D00110D92 /* Release */ = {
			isa = XCBuildConfiguration;
			buildSettings = {
				ALWAYS_EMBED_SWIFT_STANDARD_LIBRARIES = YES;
				BUNDLE_LOADER = "$(TEST_HOST)";
				CODE_SIGN_STYLE = Automatic;
				CURRENT_PROJECT_VERSION = 1;
				DEVELOPMENT_TEAM = G3X3AF8BFZ;
				GENERATE_INFOPLIST_FILE = YES;
				IPHONEOS_DEPLOYMENT_TARGET = 15.4;
				MARKETING_VERSION = 1.0;
				PRODUCT_BUNDLE_IDENTIFIER = edu.cmu.andrew.chunyuye.StandZoneTests;
				PRODUCT_NAME = "$(TARGET_NAME)";
				SDKROOT = iphoneos;
				SWIFT_EMIT_LOC_STRINGS = NO;
				SWIFT_VERSION = 5.0;
				TARGETED_DEVICE_FAMILY = "1,2";
				TEST_HOST = "$(BUILT_PRODUCTS_DIR)/StandZone.app/StandZone";
				VALIDATE_PRODUCT = YES;
			};
			name = Release;
		};
		A3CFBB8227E24E1D00110D92 /* Debug */ = {
			isa = XCBuildConfiguration;
			buildSettings = {
				ALWAYS_EMBED_SWIFT_STANDARD_LIBRARIES = YES;
				"CODE_SIGN_IDENTITY[sdk=macosx*]" = "Apple Development";
				CODE_SIGN_STYLE = Automatic;
				CURRENT_PROJECT_VERSION = 1;
				DEVELOPMENT_TEAM = G3X3AF8BFZ;
				GENERATE_INFOPLIST_FILE = YES;
				IPHONEOS_DEPLOYMENT_TARGET = 15.4;
				MARKETING_VERSION = 1.0;
				PRODUCT_BUNDLE_IDENTIFIER = edu.cmu.andrew.chunyuye.StandZoneUITests;
				PRODUCT_NAME = "$(TARGET_NAME)";
				SDKROOT = iphoneos;
				SWIFT_EMIT_LOC_STRINGS = NO;
				SWIFT_VERSION = 5.0;
				TARGETED_DEVICE_FAMILY = "1,2";
				TEST_TARGET_NAME = StandZone;
			};
			name = Debug;
		};
		A3CFBB8327E24E1D00110D92 /* Release */ = {
			isa = XCBuildConfiguration;
			buildSettings = {
				ALWAYS_EMBED_SWIFT_STANDARD_LIBRARIES = YES;
				"CODE_SIGN_IDENTITY[sdk=macosx*]" = "-";
				CODE_SIGN_STYLE = Automatic;
				CURRENT_PROJECT_VERSION = 1;
				DEVELOPMENT_TEAM = G3X3AF8BFZ;
				GENERATE_INFOPLIST_FILE = YES;
				IPHONEOS_DEPLOYMENT_TARGET = 15.4;
				MARKETING_VERSION = 1.0;
				PRODUCT_BUNDLE_IDENTIFIER = edu.cmu.andrew.chunyuye.StandZoneUITests;
				PRODUCT_NAME = "$(TARGET_NAME)";
				SDKROOT = iphoneos;
				SWIFT_EMIT_LOC_STRINGS = NO;
				SWIFT_VERSION = 5.0;
				TARGETED_DEVICE_FAMILY = "1,2";
				TEST_TARGET_NAME = StandZone;
				VALIDATE_PRODUCT = YES;
			};
			name = Release;
		};
		A3CFBB8527E24E1D00110D92 /* Debug */ = {
			isa = XCBuildConfiguration;
			buildSettings = {
				ALWAYS_EMBED_SWIFT_STANDARD_LIBRARIES = YES;
				BUNDLE_LOADER = "$(TEST_HOST)";
				CODE_SIGN_STYLE = Automatic;
				CURRENT_PROJECT_VERSION = 1;
				DEVELOPMENT_TEAM = G3X3AF8BFZ;
				GENERATE_INFOPLIST_FILE = YES;
				MARKETING_VERSION = 1.0;
				PRODUCT_BUNDLE_IDENTIFIER = "edu.cmu.andrew.chunyuye.StandZone-WatchKit-AppTests";
				PRODUCT_NAME = "$(TARGET_NAME)";
				SDKROOT = watchos;
				SWIFT_EMIT_LOC_STRINGS = NO;
				SWIFT_VERSION = 5.0;
				TARGETED_DEVICE_FAMILY = 4;
				TEST_HOST = "$(BUILT_PRODUCTS_DIR)/StandZone WatchKit Extension.appex/StandZone WatchKit Extension";
				WATCHOS_DEPLOYMENT_TARGET = 8.5;
			};
			name = Debug;
		};
		A3CFBB8627E24E1D00110D92 /* Release */ = {
			isa = XCBuildConfiguration;
			buildSettings = {
				ALWAYS_EMBED_SWIFT_STANDARD_LIBRARIES = YES;
				BUNDLE_LOADER = "$(TEST_HOST)";
				CODE_SIGN_STYLE = Automatic;
				CURRENT_PROJECT_VERSION = 1;
				DEVELOPMENT_TEAM = G3X3AF8BFZ;
				GENERATE_INFOPLIST_FILE = YES;
				MARKETING_VERSION = 1.0;
				PRODUCT_BUNDLE_IDENTIFIER = "edu.cmu.andrew.chunyuye.StandZone-WatchKit-AppTests";
				PRODUCT_NAME = "$(TARGET_NAME)";
				SDKROOT = watchos;
				SWIFT_EMIT_LOC_STRINGS = NO;
				SWIFT_VERSION = 5.0;
				TARGETED_DEVICE_FAMILY = 4;
				TEST_HOST = "$(BUILT_PRODUCTS_DIR)/StandZone WatchKit Extension.appex/StandZone WatchKit Extension";
				VALIDATE_PRODUCT = YES;
				WATCHOS_DEPLOYMENT_TARGET = 8.5;
			};
			name = Release;
		};
		A3CFBB8827E24E1D00110D92 /* Debug */ = {
			isa = XCBuildConfiguration;
			buildSettings = {
				CODE_SIGN_STYLE = Automatic;
				CURRENT_PROJECT_VERSION = 1;
				DEVELOPMENT_TEAM = G3X3AF8BFZ;
				GENERATE_INFOPLIST_FILE = YES;
				MARKETING_VERSION = 1.0;
				PRODUCT_BUNDLE_IDENTIFIER = "edu.cmu.andrew.chunyuye.StandZone-WatchKit-AppUITests";
				PRODUCT_NAME = "$(TARGET_NAME)";
				SDKROOT = watchos;
				SWIFT_EMIT_LOC_STRINGS = NO;
				SWIFT_VERSION = 5.0;
				TARGETED_DEVICE_FAMILY = 4;
				TEST_TARGET_NAME = "StandZone WatchKit App";
				WATCHOS_DEPLOYMENT_TARGET = 8.5;
			};
			name = Debug;
		};
		A3CFBB8927E24E1D00110D92 /* Release */ = {
			isa = XCBuildConfiguration;
			buildSettings = {
				CODE_SIGN_STYLE = Automatic;
				CURRENT_PROJECT_VERSION = 1;
				DEVELOPMENT_TEAM = G3X3AF8BFZ;
				GENERATE_INFOPLIST_FILE = YES;
				MARKETING_VERSION = 1.0;
				PRODUCT_BUNDLE_IDENTIFIER = "edu.cmu.andrew.chunyuye.StandZone-WatchKit-AppUITests";
				PRODUCT_NAME = "$(TARGET_NAME)";
				SDKROOT = watchos;
				SWIFT_EMIT_LOC_STRINGS = NO;
				SWIFT_VERSION = 5.0;
				TARGETED_DEVICE_FAMILY = 4;
				TEST_TARGET_NAME = "StandZone WatchKit App";
				VALIDATE_PRODUCT = YES;
				WATCHOS_DEPLOYMENT_TARGET = 8.5;
			};
			name = Release;
		};
/* End XCBuildConfiguration section */

/* Begin XCConfigurationList section */
		A3CFBB1127E24E1800110D92 /* Build configuration list for PBXProject "StandZone" */ = {
			isa = XCConfigurationList;
			buildConfigurations = (
				A3CFBB7127E24E1D00110D92 /* Debug */,
				A3CFBB7227E24E1D00110D92 /* Release */,
			);
			defaultConfigurationIsVisible = 0;
			defaultConfigurationName = Release;
		};
		A3CFBB7327E24E1D00110D92 /* Build configuration list for PBXNativeTarget "StandZone WatchKit Extension" */ = {
			isa = XCConfigurationList;
			buildConfigurations = (
				A3CFBB7427E24E1D00110D92 /* Debug */,
				A3CFBB7527E24E1D00110D92 /* Release */,
			);
			defaultConfigurationIsVisible = 0;
			defaultConfigurationName = Release;
		};
		A3CFBB7727E24E1D00110D92 /* Build configuration list for PBXNativeTarget "StandZone WatchKit App" */ = {
			isa = XCConfigurationList;
			buildConfigurations = (
				A3CFBB7827E24E1D00110D92 /* Debug */,
				A3CFBB7927E24E1D00110D92 /* Release */,
			);
			defaultConfigurationIsVisible = 0;
			defaultConfigurationName = Release;
		};
		A3CFBB7B27E24E1D00110D92 /* Build configuration list for PBXNativeTarget "StandZone" */ = {
			isa = XCConfigurationList;
			buildConfigurations = (
				A3CFBB7C27E24E1D00110D92 /* Debug */,
				A3CFBB7D27E24E1D00110D92 /* Release */,
			);
			defaultConfigurationIsVisible = 0;
			defaultConfigurationName = Release;
		};
		A3CFBB7E27E24E1D00110D92 /* Build configuration list for PBXNativeTarget "StandZoneTests" */ = {
			isa = XCConfigurationList;
			buildConfigurations = (
				A3CFBB7F27E24E1D00110D92 /* Debug */,
				A3CFBB8027E24E1D00110D92 /* Release */,
			);
			defaultConfigurationIsVisible = 0;
			defaultConfigurationName = Release;
		};
		A3CFBB8127E24E1D00110D92 /* Build configuration list for PBXNativeTarget "StandZoneUITests" */ = {
			isa = XCConfigurationList;
			buildConfigurations = (
				A3CFBB8227E24E1D00110D92 /* Debug */,
				A3CFBB8327E24E1D00110D92 /* Release */,
			);
			defaultConfigurationIsVisible = 0;
			defaultConfigurationName = Release;
		};
		A3CFBB8427E24E1D00110D92 /* Build configuration list for PBXNativeTarget "StandZone WatchKit AppTests" */ = {
			isa = XCConfigurationList;
			buildConfigurations = (
				A3CFBB8527E24E1D00110D92 /* Debug */,
				A3CFBB8627E24E1D00110D92 /* Release */,
			);
			defaultConfigurationIsVisible = 0;
			defaultConfigurationName = Release;
		};
		A3CFBB8727E24E1D00110D92 /* Build configuration list for PBXNativeTarget "StandZone WatchKit AppUITests" */ = {
			isa = XCConfigurationList;
			buildConfigurations = (
				A3CFBB8827E24E1D00110D92 /* Debug */,
				A3CFBB8927E24E1D00110D92 /* Release */,
			);
			defaultConfigurationIsVisible = 0;
			defaultConfigurationName = Release;
		};
/* End XCConfigurationList section */

/* Begin XCRemoteSwiftPackageReference section */
		A3BC6C7E27E59CE200120DF7 /* XCRemoteSwiftPackageReference "SwiftUICharts" */ = {
			isa = XCRemoteSwiftPackageReference;
			repositoryURL = "https://github.com/mecid/SwiftUICharts.git";
			requirement = {
				kind = exactVersion;
				version = 0.6.3;
			};
		};
/* End XCRemoteSwiftPackageReference section */

/* Begin XCSwiftPackageProductDependency section */
		A3BC6C7F27E59CE200120DF7 /* SwiftUICharts */ = {
			isa = XCSwiftPackageProductDependency;
			package = A3BC6C7E27E59CE200120DF7 /* XCRemoteSwiftPackageReference "SwiftUICharts" */;
			productName = SwiftUICharts;
		};
		A3F4087627E952A600BF405C /* SwiftUICharts */ = {
			isa = XCSwiftPackageProductDependency;
			package = A3BC6C7E27E59CE200120DF7 /* XCRemoteSwiftPackageReference "SwiftUICharts" */;
			productName = SwiftUICharts;
		};
/* End XCSwiftPackageProductDependency section */
	};
	rootObject = A3CFBB0E27E24E1800110D92 /* Project object */;
}
